
Microsoft Visual Studio Solution File, Format Version 12.00
# Visual Studio Version 17
VisualStudioVersion = 17.0.31903.59
MinimumVisualStudioVersion = 10.0.40219.1
Project("{FAE04EC0-301F-11D3-BF4B-00C04F79EFBC}") = "CloudCustomersTDD.API", "CloudCustomersTDD.API\CloudCustomersTDD.API.csproj", "{20DB9420-3B32-4C53-9C34-303F49896035}"
EndProject
Project("{FAE04EC0-301F-11D3-BF4B-00C04F79EFBC}") = "CloudCustomersTDD.UnitTest", "CloudCustomersTDD.UnitTest\CloudCustomersTDD.UnitTest.csproj", "{C73D2B14-089B-478B-A8DF-130D2F3B5AD9}"
EndProject
Global
	GlobalSection(SolutionConfigurationPlatforms) = preSolution
		Debug|Any CPU = Debug|Any CPU
		Release|Any CPU = Release|Any CPU
	EndGlobalSection
	GlobalSection(SolutionProperties) = preSolution
		HideSolutionNode = FALSE
	EndGlobalSection
	GlobalSection(ProjectConfigurationPlatforms) = postSolution
		{20DB9420-3B32-4C53-9C34-303F49896035}.Debug|Any CPU.ActiveCfg = Debug|Any CPU
		{20DB9420-3B32-4C53-9C34-303F49896035}.Debug|Any CPU.Build.0 = Debug|Any CPU
		{20DB9420-3B32-4C53-9C34-303F49896035}.Release|Any CPU.ActiveCfg = Release|Any CPU
		{20DB9420-3B32-4C53-9C34-303F49896035}.Release|Any CPU.Build.0 = Release|Any CPU
		{C73D2B14-089B-478B-A8DF-130D2F3B5AD9}.Debug|Any CPU.ActiveCfg = Debug|Any CPU
		{C73D2B14-089B-478B-A8DF-130D2F3B5AD9}.Debug|Any CPU.Build.0 = Debug|Any CPU
		{C73D2B14-089B-478B-A8DF-130D2F3B5AD9}.Release|Any CPU.ActiveCfg = Release|Any CPU
		{C73D2B14-089B-478B-A8DF-130D2F3B5AD9}.Release|Any CPU.Build.0 = Release|Any CPU
	EndGlobalSection
EndGlobal
